
Microsoft Visual Studio Solution File, Format Version 12.00
# Visual Studio Version 17
VisualStudioVersion = 17.7.34009.444
MinimumVisualStudioVersion = 10.0.40219.1
Project("{FAE04EC0-301F-11D3-BF4B-00C04F79EFBC}") = "Camel_Case_4", "Camel_Case_4\Camel_Case_4.csproj", "{61B28DB5-C885-4DDF-984A-4E0E08C38FB8}"
EndProject
Global
	GlobalSection(SolutionConfigurationPlatforms) = preSolution
		Debug|Any CPU = Debug|Any CPU
		Release|Any CPU = Release|Any CPU
	EndGlobalSection
	GlobalSection(ProjectConfigurationPlatforms) = postSolution
		{61B28DB5-C885-4DDF-984A-4E0E08C38FB8}.Debug|Any CPU.ActiveCfg = Debug|Any CPU
		{61B28DB5-C885-4DDF-984A-4E0E08C38FB8}.Debug|Any CPU.Build.0 = Debug|Any CPU
		{61B28DB5-C885-4DDF-984A-4E0E08C38FB8}.Release|Any CPU.ActiveCfg = Release|Any CPU
		{61B28DB5-C885-4DDF-984A-4E0E08C38FB8}.Release|Any CPU.Build.0 = Release|Any CPU
	EndGlobalSection
	GlobalSection(SolutionProperties) = preSolution
		HideSolutionNode = FALSE
	EndGlobalSection
	GlobalSection(ExtensibilityGlobals) = postSolution
		SolutionGuid = {6A08A1F9-5E39-48E1-81AB-1FA68CD0C3A6}
	EndGlobalSection
EndGlobal
