
Microsoft Visual Studio Solution File, Format Version 12.00
# Visual Studio Version 17
VisualStudioVersion = 17.7.34009.444
MinimumVisualStudioVersion = 10.0.40219.1
Project("{FAE04EC0-301F-11D3-BF4B-00C04F79EFBC}") = "Sparse_Arrays", "Sparse_Arrays\Sparse_Arrays.csproj", "{87D89340-DEAC-4405-AC8F-342B05A71539}"
EndProject
Global
	GlobalSection(SolutionConfigurationPlatforms) = preSolution
		Debug|Any CPU = Debug|Any CPU
		Release|Any CPU = Release|Any CPU
	EndGlobalSection
	GlobalSection(ProjectConfigurationPlatforms) = postSolution
		{87D89340-DEAC-4405-AC8F-342B05A71539}.Debug|Any CPU.ActiveCfg = Debug|Any CPU
		{87D89340-DEAC-4405-AC8F-342B05A71539}.Debug|Any CPU.Build.0 = Debug|Any CPU
		{87D89340-DEAC-4405-AC8F-342B05A71539}.Release|Any CPU.ActiveCfg = Release|Any CPU
		{87D89340-DEAC-4405-AC8F-342B05A71539}.Release|Any CPU.Build.0 = Release|Any CPU
	EndGlobalSection
	GlobalSection(SolutionProperties) = preSolution
		HideSolutionNode = FALSE
	EndGlobalSection
	GlobalSection(ExtensibilityGlobals) = postSolution
		SolutionGuid = {D857D4AD-336F-4AD0-A2EE-234298EB6D1B}
	EndGlobalSection
EndGlobal
