
Microsoft Visual Studio Solution File, Format Version 12.00
# Visual Studio Version 17
VisualStudioVersion = 17.7.34009.444
MinimumVisualStudioVersion = 10.0.40219.1
Project("{FAE04EC0-301F-11D3-BF4B-00C04F79EFBC}") = "test1", "test1\test1.csproj", "{AE584577-B125-42ED-A2D4-D9D80076AD92}"
EndProject
Global
	GlobalSection(SolutionConfigurationPlatforms) = preSolution
		Debug|Any CPU = Debug|Any CPU
		Release|Any CPU = Release|Any CPU
	EndGlobalSection
	GlobalSection(ProjectConfigurationPlatforms) = postSolution
		{AE584577-B125-42ED-A2D4-D9D80076AD92}.Debug|Any CPU.ActiveCfg = Debug|Any CPU
		{AE584577-B125-42ED-A2D4-D9D80076AD92}.Debug|Any CPU.Build.0 = Debug|Any CPU
		{AE584577-B125-42ED-A2D4-D9D80076AD92}.Release|Any CPU.ActiveCfg = Release|Any CPU
		{AE584577-B125-42ED-A2D4-D9D80076AD92}.Release|Any CPU.Build.0 = Release|Any CPU
	EndGlobalSection
	GlobalSection(SolutionProperties) = preSolution
		HideSolutionNode = FALSE
	EndGlobalSection
	GlobalSection(ExtensibilityGlobals) = postSolution
		SolutionGuid = {E9E2C104-7D86-42E0-A8FF-D9F8F7271C8E}
	EndGlobalSection
EndGlobal
